// !$*UTF8*$!
{
	archiveVersion = 1;
	classes = {
	};
	objectVersion = 46;
	objects = {

/* Begin PBXBuildFile section */
		565825661DF8052A0013C7EF /* main.m in Sources */ = {isa = PBXBuildFile; fileRef = 565825651DF8052A0013C7EF /* main.m */; };
		565825691DF8052A0013C7EF /* AppDelegate.m in Sources */ = {isa = PBXBuildFile; fileRef = 565825681DF8052A0013C7EF /* AppDelegate.m */; };
		5658256C1DF8052A0013C7EF /* ViewController.m in Sources */ = {isa = PBXBuildFile; fileRef = 5658256B1DF8052A0013C7EF /* ViewController.m */; };
		5658256F1DF8052A0013C7EF /* Main.storyboard in Resources */ = {isa = PBXBuildFile; fileRef = 5658256D1DF8052A0013C7EF /* Main.storyboard */; };
		565825711DF8052A0013C7EF /* Assets.xcassets in Resources */ = {isa = PBXBuildFile; fileRef = 565825701DF8052A0013C7EF /* Assets.xcassets */; };
		565825741DF8052A0013C7EF /* LaunchScreen.storyboard in Resources */ = {isa = PBXBuildFile; fileRef = 565825721DF8052A0013C7EF /* LaunchScreen.storyboard */; };
		565825821DF80DBD0013C7EF /* UserManage.m in Sources */ = {isa = PBXBuildFile; fileRef = 565825811DF80DBD0013C7EF /* UserManage.m */; };
/* End PBXBuildFile section */

/* Begin PBXFileReference section */
		565825611DF8052A0013C7EF /* pod测试.app */ = {isa = PBXFileReference; explicitFileType = wrapper.application; includeInIndex = 0; path = "pod测试.app"; sourceTree = BUILT_PRODUCTS_DIR; };
		565825651DF8052A0013C7EF /* main.m */ = {isa = PBXFileReference; lastKnownFileType = sourcecode.c.objc; path = main.m; sourceTree = "<group>"; };
		565825671DF8052A0013C7EF /* AppDelegate.h */ = {isa = PBXFileReference; lastKnownFileType = sourcecode.c.h; path = AppDelegate.h; sourceTree = "<group>"; };
		565825681DF8052A0013C7EF /* AppDelegate.m */ = {isa = PBXFileReference; lastKnownFileType = sourcecode.c.objc; path = AppDelegate.m; sourceTree = "<group>"; };
		5658256A1DF8052A0013C7EF /* ViewController.h */ = {isa = PBXFileReference; lastKnownFileType = sourcecode.c.h; path = ViewController.h; sourceTree = "<group>"; };
		5658256B1DF8052A0013C7EF /* ViewController.m */ = {isa = PBXFileReference; lastKnownFileType = sourcecode.c.objc; path = ViewController.m; sourceTree = "<group>"; };
		5658256E1DF8052A0013C7EF /* Base */ = {isa = PBXFileReference; lastKnownFileType = file.storyboard; name = Base; path = Base.lproj/Main.storyboard; sourceTree = "<group>"; };
		565825701DF8052A0013C7EF /* Assets.xcassets */ = {isa = PBXFileReference; lastKnownFileType = folder.assetcatalog; path = Assets.xcassets; sourceTree = "<group>"; };
		565825731DF8052A0013C7EF /* Base */ = {isa = PBXFileReference; lastKnownFileType = file.storyboard; name = Base; path = Base.lproj/LaunchScreen.storyboard; sourceTree = "<group>"; };
		565825751DF8052A0013C7EF /* Info.plist */ = {isa = PBXFileReference; lastKnownFileType = text.plist.xml; path = Info.plist; sourceTree = "<group>"; };
		5658257F1DF80DBD0013C7EF /* Singleton.h */ = {isa = PBXFileReference; fileEncoding = 4; lastKnownFileType = sourcecode.c.h; path = Singleton.h; sourceTree = "<group>"; };
		565825801DF80DBD0013C7EF /* UserManage.h */ = {isa = PBXFileReference; fileEncoding = 4; lastKnownFileType = sourcecode.c.h; path = UserManage.h; sourceTree = "<group>"; };
		565825811DF80DBD0013C7EF /* UserManage.m */ = {isa = PBXFileReference; fileEncoding = 4; lastKnownFileType = sourcecode.c.objc; path = UserManage.m; sourceTree = "<group>"; };
/* End PBXFileReference section */

/* Begin PBXFrameworksBuildPhase section */
		5658255E1DF8052A0013C7EF /* Frameworks */ = {
			isa = PBXFrameworksBuildPhase;
			buildActionMask = 2147483647;
			files = (
			);
			runOnlyForDeploymentPostprocessing = 0;
		};
/* End PBXFrameworksBuildPhase section */

/* Begin PBXGroup section */
		565825581DF8052A0013C7EF = {
			isa = PBXGroup;
			children = (
				565825631DF8052A0013C7EF /* pod测试 */,
				565825621DF8052A0013C7EF /* Products */,
			);
			sourceTree = "<group>";
		};
		565825621DF8052A0013C7EF /* Products */ = {
			isa = PBXGroup;
			children = (
				565825611DF8052A0013C7EF /* pod测试.app */,
			);
			name = Products;
			sourceTree = "<group>";
		};
		565825631DF8052A0013C7EF /* pod测试 */ = {
			isa = PBXGroup;
			children = (
				565825671DF8052A0013C7EF /* AppDelegate.h */,
				565825681DF8052A0013C7EF /* AppDelegate.m */,
				5658257F1DF80DBD0013C7EF /* Singleton.h */,
				565825801DF80DBD0013C7EF /* UserManage.h */,
				565825811DF80DBD0013C7EF /* UserManage.m */,
				5658256A1DF8052A0013C7EF /* ViewController.h */,
				5658256B1DF8052A0013C7EF /* ViewController.m */,
				5658256D1DF8052A0013C7EF /* Main.storyboard */,
				565825701DF8052A0013C7EF /* Assets.xcassets */,
				565825721DF8052A0013C7EF /* LaunchScreen.storyboard */,
				565825751DF8052A0013C7EF /* Info.plist */,
				565825641DF8052A0013C7EF /* Supporting Files */,
			);
			path = "pod测试";
			sourceTree = "<group>";
		};
		565825641DF8052A0013C7EF /* Supporting Files */ = {
			isa = PBXGroup;
			children = (
				565825651DF8052A0013C7EF /* main.m */,
			);
			name = "Supporting Files";
			sourceTree = "<group>";
		};
/* End PBXGroup section */

/* Begin PBXNativeTarget section */
		565825601DF8052A0013C7EF /* pod测试 */ = {
			isa = PBXNativeTarget;
			buildConfigurationList = 565825781DF8052A0013C7EF /* Build configuration list for PBXNativeTarget "pod测试" */;
			buildPhases = (
				5658255D1DF8052A0013C7EF /* Sources */,
				5658255E1DF8052A0013C7EF /* Frameworks */,
				5658255F1DF8052A0013C7EF /* Resources */,
			);
			buildRules = (
			);
			dependencies = (
			);
			name = "pod测试";
			productName = "pod测试";
			productReference = 565825611DF8052A0013C7EF /* pod测试.app */;
			productType = "com.apple.product-type.application";
		};
/* End PBXNativeTarget section */

/* Begin PBXProject section */
		565825591DF8052A0013C7EF /* Project object */ = {
			isa = PBXProject;
			attributes = {
				LastUpgradeCheck = 0810;
				ORGANIZATIONNAME = "啦啦啦";
				TargetAttributes = {
					565825601DF8052A0013C7EF = {
						CreatedOnToolsVersion = 8.1;
						DevelopmentTeam = AYE4U538PD;
						ProvisioningStyle = Automatic;
					};
				};
			};
			buildConfigurationList = 5658255C1DF8052A0013C7EF /* Build configuration list for PBXProject "pod测试" */;
			compatibilityVersion = "Xcode 3.2";
			developmentRegion = English;
			hasScannedForEncodings = 0;
			knownRegions = (
				en,
				Base,
			);
			mainGroup = 565825581DF8052A0013C7EF;
			productRefGroup = 565825621DF8052A0013C7EF /* Products */;
			projectDirPath = "";
			projectRoot = "";
			targets = (
				565825601DF8052A0013C7EF /* pod测试 */,
			);
		};
/* End PBXProject section */

/* Begin PBXResourcesBuildPhase section */
		5658255F1DF8052A0013C7EF /* Resources */ = {
			isa = PBXResourcesBuildPhase;
			buildActionMask = 2147483647;
			files = (
				565825741DF8052A0013C7EF /* LaunchScreen.storyboard in Resources */,
				565825711DF8052A0013C7EF /* Assets.xcassets in Resources */,
				5658256F1DF8052A0013C7EF /* Main.storyboard in Resources */,
			);
			runOnlyForDeploymentPostprocessing = 0;
		};
/* End PBXResourcesBuildPhase section */

/* Begin PBXSourcesBuildPhase section */
		5658255D1DF8052A0013C7EF /* Sources */ = {
			isa = PBXSourcesBuildPhase;
			buildActionMask = 2147483647;
			files = (
				5658256C1DF8052A0013C7EF /* ViewController.m in Sources */,
				565825691DF8052A0013C7EF /* AppDelegate.m in Sources */,
				565825661DF8052A0013C7EF /* main.m in Sources */,
				565825821DF80DBD0013C7EF /* UserManage.m in Sources */,
			);
			runOnlyForDeploymentPostprocessing = 0;
		};
/* End PBXSourcesBuildPhase section */

/* Begin PBXVariantGroup section */
		5658256D1DF8052A0013C7EF /* Main.storyboard */ = {
			isa = PBXVariantGroup;
			children = (
				5658256E1DF8052A0013C7EF /* Base */,
			);
			name = Main.storyboard;
			sourceTree = "<group>";
		};
		565825721DF8052A0013C7EF /* LaunchScreen.storyboard */ = {
			isa = PBXVariantGroup;
			children = (
				565825731DF8052A0013C7EF /* Base */,
			);
			name = LaunchScreen.storyboard;
			sourceTree = "<group>";
		};
/* End PBXVariantGroup section */

/* Begin XCBuildConfiguration section */
		565825761DF8052A0013C7EF /* Debug */ = {
			isa = XCBuildConfiguration;
			buildSettings = {
				ALWAYS_SEARCH_USER_PATHS = NO;
				CLANG_ANALYZER_NONNULL = YES;
				CLANG_CXX_LANGUAGE_STANDARD = "gnu++0x";
				CLANG_CXX_LIBRARY = "libc++";
				CLANG_ENABLE_MODULES = YES;
				CLANG_ENABLE_OBJC_ARC = YES;
				CLANG_WARN_BOOL_CONVERSION = YES;
				CLANG_WARN_CONSTANT_CONVERSION = YES;
				CLANG_WARN_DIRECT_OBJC_ISA_USAGE = YES_ERROR;
				CLANG_WARN_DOCUMENTATION_COMMENTS = YES;
				CLANG_WARN_EMPTY_BODY = YES;
				CLANG_WARN_ENUM_CONVERSION = YES;
				CLANG_WARN_INFINITE_RECURSION = YES;
				CLANG_WARN_INT_CONVERSION = YES;
				CLANG_WARN_OBJC_ROOT_CLASS = YES_ERROR;
				CLANG_WARN_SUSPICIOUS_MOVES = YES;
				CLANG_WARN_UNREACHABLE_CODE = YES;
				CLANG_WARN__DUPLICATE_METHOD_MATCH = YES;
				"CODE_SIGN_IDENTITY[sdk=iphoneos*]" = "iPhone Developer";
				COPY_PHASE_STRIP = NO;
				DEBUG_INFORMATION_FORMAT = dwarf;
				ENABLE_STRICT_OBJC_MSGSEND = YES;
				ENABLE_TESTABILITY = YES;
				GCC_C_LANGUAGE_STANDARD = gnu99;
				GCC_DYNAMIC_NO_PIC = NO;
				GCC_NO_COMMON_BLOCKS = YES;
				GCC_OPTIMIZATION_LEVEL = 0;
				GCC_PREPROCESSOR_DEFINITIONS = (
					"DEBUG=1",
					"$(inherited)",
				);
				GCC_WARN_64_TO_32_BIT_CONVERSION = YES;
				GCC_WARN_ABOUT_RETURN_TYPE = YES_ERROR;
				GCC_WARN_UNDECLARED_SELECTOR = YES;
				GCC_WARN_UNINITIALIZED_AUTOS = YES_AGGRESSIVE;
				GCC_WARN_UNUSED_FUNCTION = YES;
				GCC_WARN_UNUSED_VARIABLE = YES;
				IPHONEOS_DEPLOYMENT_TARGET = 10.1;
				MTL_ENABLE_DEBUG_INFO = YES;
				ONLY_ACTIVE_ARCH = YES;
				SDKROOT = iphoneos;
			};
			name = Debug;
		};
		565825771DF8052A0013C7EF /* Release */ = {
			isa = XCBuildConfiguration;
			buildSettings = {
				ALWAYS_SEARCH_USER_PATHS = NO;
				CLANG_ANALYZER_NONNULL = YES;
				CLANG_CXX_LANGUAGE_STANDARD = "gnu++0x";
				CLANG_CXX_LIBRARY = "libc++";
				CLANG_ENABLE_MODULES = YES;
				CLANG_ENABLE_OBJC_ARC = YES;
				CLANG_WARN_BOOL_CONVERSION = YES;
				CLANG_WARN_CONSTANT_CONVERSION = YES;
				CLANG_WARN_DIRECT_OBJC_ISA_USAGE = YES_ERROR;
				CLANG_WARN_DOCUMENTATION_COMMENTS = YES;
				CLANG_WARN_EMPTY_BODY = YES;
				CLANG_WARN_ENUM_CONVERSION = YES;
				CLANG_WARN_INFINITE_RECURSION = YES;
				CLANG_WARN_INT_CONVERSION = YES;
				CLANG_WARN_OBJC_ROOT_CLASS = YES_ERROR;
				CLANG_WARN_SUSPICIOUS_MOVES = YES;
				CLANG_WARN_UNREACHABLE_CODE = YES;
				CLANG_WARN__DUPLICATE_METHOD_MATCH = YES;
				"CODE_SIGN_IDENTITY[sdk=iphoneos*]" = "iPhone Developer";
				COPY_PHASE_STRIP = NO;
				DEBUG_INFORMATION_FORMAT = "dwarf-with-dsym";
				ENABLE_NS_ASSERTIONS = NO;
				ENABLE_STRICT_OBJC_MSGSEND = YES;
				GCC_C_LANGUAGE_STANDARD = gnu99;
				GCC_NO_COMMON_BLOCKS = YES;
				GCC_WARN_64_TO_32_BIT_CONVERSION = YES;
				GCC_WARN_ABOUT_RETURN_TYPE = YES_ERROR;
				GCC_WARN_UNDECLARED_SELECTOR = YES;
				GCC_WARN_UNINITIALIZED_AUTOS = YES_AGGRESSIVE;
				GCC_WARN_UNUSED_FUNCTION = YES;
				GCC_WARN_UNUSED_VARIABLE = YES;
				IPHONEOS_DEPLOYMENT_TARGET = 10.1;
				MTL_ENABLE_DEBUG_INFO = NO;
				SDKROOT = iphoneos;
				VALIDATE_PRODUCT = YES;
			};
			name = Release;
		};
		565825791DF8052A0013C7EF /* Debug */ = {
			isa = XCBuildConfiguration;
			buildSettings = {
				ASSETCATALOG_COMPILER_APPICON_NAME = AppIcon;
				DEVELOPMENT_TEAM = AYE4U538PD;
				INFOPLIST_FILE = "pod测试/Info.plist";
				LD_RUNPATH_SEARCH_PATHS = "$(inherited) @executable_path/Frameworks";
				PRODUCT_BUNDLE_IDENTIFIER = "chen.cn.pod--";
				PRODUCT_NAME = "$(TARGET_NAME)";
			};
			name = Debug;
		};
		5658257A1DF8052A0013C7EF /* Release */ = {
			isa = XCBuildConfiguration;
			buildSettings = {
				ASSETCATALOG_COMPILER_APPICON_NAME = AppIcon;
				DEVELOPMENT_TEAM = AYE4U538PD;
				INFOPLIST_FILE = "pod测试/Info.plist";
				LD_RUNPATH_SEARCH_PATHS = "$(inherited) @executable_path/Frameworks";
				PRODUCT_BUNDLE_IDENTIFIER = "chen.cn.pod--";
				PRODUCT_NAME = "$(TARGET_NAME)";
			};
			name = Release;
		};
/* End XCBuildConfiguration section */

/* Begin XCConfigurationList section */
		5658255C1DF8052A0013C7EF /* Build configuration list for PBXProject "pod测试" */ = {
			isa = XCConfigurationList;
			buildConfigurations = (
				565825761DF8052A0013C7EF /* Debug */,
				565825771DF8052A0013C7EF /* Release */,
			);
			defaultConfigurationIsVisible = 0;
			defaultConfigurationName = Release;
		};
		565825781DF8052A0013C7EF /* Build configuration list for PBXNativeTarget "pod测试" */ = {
			isa = XCConfigurationList;
			buildConfigurations = (
				565825791DF8052A0013C7EF /* Debug */,
				5658257A1DF8052A0013C7EF /* Release */,
			);
			defaultConfigurationIsVisible = 0;
			defaultConfigurationName = Release;
		};
/* End XCConfigurationList section */
	};
	rootObject = 565825591DF8052A0013C7EF /* Project object */;
}
